
Microsoft Visual Studio Solution File, Format Version 12.00
# Visual Studio 15
VisualStudioVersion = 15.0.28307.1209
MinimumVisualStudioVersion = 10.0.40219.1
Project("{9A19103F-16F7-4668-BE54-9A1E7A4F7556}") = "test_kymdan", "test_kymdan\test_kymdan.csproj", "{31F34DDE-629E-4DAB-9D52-698FC1C50BE6}"
EndProject
Project("{FAE04EC0-301F-11D3-BF4B-00C04F79EFBC}") = "test_kymdan_client", "test_kymdan_client\test_kymdan_client.csproj", "{AB95E32D-651E-4463-A5B2-5E587041A530}"
EndProject
Global
	GlobalSection(SolutionConfigurationPlatforms) = preSolution
		Debug|Any CPU = Debug|Any CPU
		Release|Any CPU = Release|Any CPU
	EndGlobalSection
	GlobalSection(ProjectConfigurationPlatforms) = postSolution
		{31F34DDE-629E-4DAB-9D52-698FC1C50BE6}.Debug|Any CPU.ActiveCfg = Debug|Any CPU
		{31F34DDE-629E-4DAB-9D52-698FC1C50BE6}.Debug|Any CPU.Build.0 = Debug|Any CPU
		{31F34DDE-629E-4DAB-9D52-698FC1C50BE6}.Release|Any CPU.ActiveCfg = Release|Any CPU
		{31F34DDE-629E-4DAB-9D52-698FC1C50BE6}.Release|Any CPU.Build.0 = Release|Any CPU
		{AB95E32D-651E-4463-A5B2-5E587041A530}.Debug|Any CPU.ActiveCfg = Debug|Any CPU
		{AB95E32D-651E-4463-A5B2-5E587041A530}.Debug|Any CPU.Build.0 = Debug|Any CPU
		{AB95E32D-651E-4463-A5B2-5E587041A530}.Release|Any CPU.ActiveCfg = Release|Any CPU
		{AB95E32D-651E-4463-A5B2-5E587041A530}.Release|Any CPU.Build.0 = Release|Any CPU
	EndGlobalSection
	GlobalSection(SolutionProperties) = preSolution
		HideSolutionNode = FALSE
	EndGlobalSection
	GlobalSection(ExtensibilityGlobals) = postSolution
		SolutionGuid = {621807C3-0199-4ED4-A54E-B5F2252D7064}
	EndGlobalSection
EndGlobal
